
Microsoft Visual Studio Solution File, Format Version 12.00
# Visual Studio 15
VisualStudioVersion = 15.0.27004.2002
MinimumVisualStudioVersion = 10.0.40219.1
Project("{9A19103F-16F7-4668-BE54-9A1E7A4F7556}") = "Pony", "src\Pony\Pony.csproj", "{26219B7E-D3E6-4107-B17D-FD9DC2491A8A}"
EndProject
Project("{2150E333-8FDC-42A3-9474-1A3956D46DE8}") = "src", "src", "{CE708F3C-362B-4B1A-9323-A700D67B9899}"
EndProject
Project("{2150E333-8FDC-42A3-9474-1A3956D46DE8}") = "test", "test", "{88D6C515-1F16-4F71-A277-2FD5301329D4}"
EndProject
Project("{9A19103F-16F7-4668-BE54-9A1E7A4F7556}") = "Pony.Domain", "src\Pony.Domain\Pony.Domain.csproj", "{B2286B56-A28F-4648-844C-BA50E5CBAB51}"
	ProjectSection(ProjectDependencies) = postProject
		{3EA7ECE0-0677-4C42-9F1A-5D72AB2BC0E3} = {3EA7ECE0-0677-4C42-9F1A-5D72AB2BC0E3}
	EndProjectSection
EndProject
Project("{9A19103F-16F7-4668-BE54-9A1E7A4F7556}") = "Pony.Services", "src\Pony.Services\Pony.Services.csproj", "{2C50CFDA-A78E-458D-A690-7676D4FDED16}"
EndProject
Project("{9A19103F-16F7-4668-BE54-9A1E7A4F7556}") = "Pony.Framework", "src\Pony.Framework\Pony.Framework.csproj", "{3EA7ECE0-0677-4C42-9F1A-5D72AB2BC0E3}"
EndProject
Project("{2150E333-8FDC-42A3-9474-1A3956D46DE8}") = "Core", "Core", "{18867FA5-4C41-4004-B9F3-E16DDDD8A89A}"
EndProject
Project("{9A19103F-16F7-4668-BE54-9A1E7A4F7556}") = "Pony.Data", "src\Pony.Data\Pony.Data.csproj", "{931F94F1-A37C-4FF0-90EB-FF537D3BE76D}"
EndProject
Project("{9A19103F-16F7-4668-BE54-9A1E7A4F7556}") = "Pony.Data.Tests", "test\Core\Pony.Data.Tests\Pony.Data.Tests.csproj", "{45B88E05-34F6-462B-B925-9E50748F8B39}"
EndProject
Global
	GlobalSection(SolutionConfigurationPlatforms) = preSolution
		Debug|Any CPU = Debug|Any CPU
		Release|Any CPU = Release|Any CPU
	EndGlobalSection
	GlobalSection(ProjectConfigurationPlatforms) = postSolution
		{26219B7E-D3E6-4107-B17D-FD9DC2491A8A}.Debug|Any CPU.ActiveCfg = Debug|Any CPU
		{26219B7E-D3E6-4107-B17D-FD9DC2491A8A}.Debug|Any CPU.Build.0 = Debug|Any CPU
		{26219B7E-D3E6-4107-B17D-FD9DC2491A8A}.Release|Any CPU.ActiveCfg = Release|Any CPU
		{26219B7E-D3E6-4107-B17D-FD9DC2491A8A}.Release|Any CPU.Build.0 = Release|Any CPU
		{B2286B56-A28F-4648-844C-BA50E5CBAB51}.Debug|Any CPU.ActiveCfg = Debug|Any CPU
		{B2286B56-A28F-4648-844C-BA50E5CBAB51}.Debug|Any CPU.Build.0 = Debug|Any CPU
		{B2286B56-A28F-4648-844C-BA50E5CBAB51}.Release|Any CPU.ActiveCfg = Release|Any CPU
		{B2286B56-A28F-4648-844C-BA50E5CBAB51}.Release|Any CPU.Build.0 = Release|Any CPU
		{2C50CFDA-A78E-458D-A690-7676D4FDED16}.Debug|Any CPU.ActiveCfg = Debug|Any CPU
		{2C50CFDA-A78E-458D-A690-7676D4FDED16}.Debug|Any CPU.Build.0 = Debug|Any CPU
		{2C50CFDA-A78E-458D-A690-7676D4FDED16}.Release|Any CPU.ActiveCfg = Release|Any CPU
		{2C50CFDA-A78E-458D-A690-7676D4FDED16}.Release|Any CPU.Build.0 = Release|Any CPU
		{3EA7ECE0-0677-4C42-9F1A-5D72AB2BC0E3}.Debug|Any CPU.ActiveCfg = Debug|Any CPU
		{3EA7ECE0-0677-4C42-9F1A-5D72AB2BC0E3}.Debug|Any CPU.Build.0 = Debug|Any CPU
		{3EA7ECE0-0677-4C42-9F1A-5D72AB2BC0E3}.Release|Any CPU.ActiveCfg = Release|Any CPU
		{3EA7ECE0-0677-4C42-9F1A-5D72AB2BC0E3}.Release|Any CPU.Build.0 = Release|Any CPU
		{931F94F1-A37C-4FF0-90EB-FF537D3BE76D}.Debug|Any CPU.ActiveCfg = Debug|Any CPU
		{931F94F1-A37C-4FF0-90EB-FF537D3BE76D}.Debug|Any CPU.Build.0 = Debug|Any CPU
		{931F94F1-A37C-4FF0-90EB-FF537D3BE76D}.Release|Any CPU.ActiveCfg = Release|Any CPU
		{931F94F1-A37C-4FF0-90EB-FF537D3BE76D}.Release|Any CPU.Build.0 = Release|Any CPU
		{45B88E05-34F6-462B-B925-9E50748F8B39}.Debug|Any CPU.ActiveCfg = Debug|Any CPU
		{45B88E05-34F6-462B-B925-9E50748F8B39}.Debug|Any CPU.Build.0 = Debug|Any CPU
		{45B88E05-34F6-462B-B925-9E50748F8B39}.Release|Any CPU.ActiveCfg = Release|Any CPU
		{45B88E05-34F6-462B-B925-9E50748F8B39}.Release|Any CPU.Build.0 = Release|Any CPU
	EndGlobalSection
	GlobalSection(SolutionProperties) = preSolution
		HideSolutionNode = FALSE
	EndGlobalSection
	GlobalSection(NestedProjects) = preSolution
		{26219B7E-D3E6-4107-B17D-FD9DC2491A8A} = {CE708F3C-362B-4B1A-9323-A700D67B9899}
		{B2286B56-A28F-4648-844C-BA50E5CBAB51} = {CE708F3C-362B-4B1A-9323-A700D67B9899}
		{2C50CFDA-A78E-458D-A690-7676D4FDED16} = {CE708F3C-362B-4B1A-9323-A700D67B9899}
		{3EA7ECE0-0677-4C42-9F1A-5D72AB2BC0E3} = {CE708F3C-362B-4B1A-9323-A700D67B9899}
		{18867FA5-4C41-4004-B9F3-E16DDDD8A89A} = {88D6C515-1F16-4F71-A277-2FD5301329D4}
		{931F94F1-A37C-4FF0-90EB-FF537D3BE76D} = {CE708F3C-362B-4B1A-9323-A700D67B9899}
		{45B88E05-34F6-462B-B925-9E50748F8B39} = {18867FA5-4C41-4004-B9F3-E16DDDD8A89A}
	EndGlobalSection
	GlobalSection(ExtensibilityGlobals) = postSolution
		SolutionGuid = {0A892613-142F-4943-B942-4A4EAFDFE78F}
	EndGlobalSection
EndGlobal
